PODS:
  - SDWebImage (5.14.0):
    - SDWebImage/Core (= 5.14.0)
  - SDWebImage/Core (5.14.0)

DEPENDENCIES:
  - SDWebImage (~> 5.0)

SPEC REPOS:
  trunk:
    - SDWebImage

SPEC CHECKSUMS:
  SDWebImage: 9e391cf38577742f501055dca17e4987f6713fe1

PODFILE CHECKSUM: 3c31a64e8b611994f7538ac88c7bba0d34f45088

COCOAPODS: 1.11.3
